<?xml version="1.0" encoding="utf-8"?>
<Project ToolsVersion="4.0" xmlns="http://schemas.microsoft.com/developer/msbuild/2003">
  <ItemGroup>
    <Filter Include="Source Files">
      <UniqueIdentifier>{4FC737F1-C7A5-4376-A066-2A32D752A2FF}</UniqueIdentifier>
      <Extensions>cpp;c;cc;cxx;def;odl;idl;hpj;bat;asm;asmx</Extensions>
    </Filter>
    <Filter Include="Header Files">
      <UniqueIdentifier>{93995380-89BD-4b04-88EB-625FBE52EBFB}</UniqueIdentifier>
      <Extensions>h;hh;hpp;hxx;hm;inl;inc;xsd</Extensions>
    </Filter>
    <Filter Include="Resource Files">
      <UniqueIdentifier>{67DA6AB6-F800-4c08-8B7A-83BB121AAD01}</UniqueIdentifier>
      <Extensions>rc;ico;cur;bmp;dlg;rc2;rct;bin;rgs;gif;jpg;jpeg;jpe;resx;tiff;tif;png;wav;mfcribbon-ms</Extensions>
    </Filter>
    <Filter Include="LinkedList">
      <UniqueIdentifier>{e5a4a7f5-9c61-4ef0-a300-07569159ca9f}</UniqueIdentifier>
    </Filter>
  </ItemGroup>
  <ItemGroup>
    <ClCompile Include="BasicLoader.cpp">
      <Filter>Source Files</Filter>
    </ClCompile>
    <ClCompile Include="theMain2.cpp">
      <Filter>Source Files</Filter>
    </ClCompile>
    <ClCompile Include="cSmartArray.cpp">
      <Filter>Source Files</Filter>
    </ClCompile>
    <ClCompile Include="theMain_VECTOR.cpp">
      <Filter>Source Files</Filter>
    </ClCompile>
    <ClCompile Include="theMain_LinkedList.cpp">
      <Filter>Source Files</Filter>
    </ClCompile>
    <ClCompile Include="cList.cpp">
      <Filter>LinkedList</Filter>
    </ClCompile>
    <ClCompile Include="cHashMap.cpp">
      <Filter>LinkedList</Filter>
    </ClCompile>
    <ClCompile Include="theMainHashMap.cpp">
      <Filter>Source Files</Filter>
    </ClCompile>
  </ItemGroup>
  <ItemGroup>
    <ClInclude Include="cPerson.h">
      <Filter>Header Files</Filter>
    </ClInclude>
    <ClInclude Include="iPersonMotron.h">
      <Filter>Header Files</Filter>
    </ClInclude>
    <ClInclude Include="cSmartArray.h">
      <Filter>Header Files</Filter>
    </ClInclude>
    <ClInclude Include="cList.h">
      <Filter>LinkedList</Filter>
    </ClInclude>
    <ClInclude Include="cHashMap.h">
      <Filter>LinkedList</Filter>
    </ClInclude>
  </ItemGroup>
</Project>